<?xml version="1.0" encoding="UTF-8" standalone="yes" ?>
<CodeBlocks_project_file>
	<FileVersion major="1" minor="6" />
	<Project>
		<Option title="Turntable" />
		<Option pch_mode="2" />
		<Option compiler="gcc" />
		<Build>
			<Target title="Debug">
				<Option output="bin/Debug/Turntable" prefix_auto="1" extension_auto="1" />
				<Option object_output="obj/Debug/" />
				<Option type="1" />
				<Option compiler="gcc" />
				<Compiler>
					<Add option="-g" />
				</Compiler>
			</Target>
			<Target title="Release">
				<Option output="bin/Release/Turntable" prefix_auto="1" extension_auto="1" />
				<Option object_output="obj/Release/" />
				<Option type="1" />
				<Option compiler="gcc" />
				<Compiler>
					<Add option="-O2" />
				</Compiler>
				<Linker>
					<Add option="-s" />
				</Linker>
			</Target>
		</Build>
		<Compiler>
			<Add option="-std=c++11" />
			<Add option="-Wall" />
		</Compiler>
		<Linker>
			<Add option="-lGL -lGLU -lglut -lpthread" />
		</Linker>
		<Unit filename="face.cpp" />
		<Unit filename="face.h" />
		<Unit filename="light.cpp" />
		<Unit filename="light.h" />
		<Unit filename="main.cpp" />
		<Unit filename="material.cpp" />
		<Unit filename="material.h" />
		<Unit filename="meshmodel.cpp" />
		<Unit filename="meshmodel.h" />
		<Unit filename="model.cpp" />
		<Unit filename="model.h" />
		<Unit filename="normal.cpp" />
		<Unit filename="normal.h" />
		<Unit filename="object.cpp" />
		<Unit filename="object.h" />
		<Unit filename="objmodel.cpp" />
		<Unit filename="objmodel.h" />
		<Unit filename="teapot.cpp" />
		<Unit filename="teapot.h" />
		<Unit filename="turntable.cpp" />
		<Unit filename="turntable.h" />
		<Unit filename="vertex.cpp" />
		<Unit filename="vertex.h" />
		<Extensions>
			<code_completion />
			<debugger />
		</Extensions>
	</Project>
</CodeBlocks_project_file>
